
Microsoft Visual Studio Solution File, Format Version 12.00
# Visual Studio Version 17
VisualStudioVersion = 17.5.002.0
MinimumVisualStudioVersion = 10.0.40219.1
Project("{2150E333-8FDC-42A3-9474-1A3956D46DE8}") = "VKAHUB", "VKAHUB", "{FEA1FF2B-85CF-4F2D-AC1C-09190E56A215}"
EndProject
Project("{2150E333-8FDC-42A3-9474-1A3956D46DE8}") = "backend", "backend", "{030E4D1E-4FA5-49C7-AD16-A74DFF51F637}"
EndProject
Project("{2150E333-8FDC-42A3-9474-1A3956D46DE8}") = "tools", "tools", "{25BAEC10-C7CC-4BD6-9DC3-0F2CFDE3B3DD}"
EndProject
Project("{9A19103F-16F7-4668-BE54-9A1E7A4F7556}") = "OpenXmlValidate", "VKAHUB\backend\tools\OpenXmlValidate\OpenXmlValidate.csproj", "{3097FEB0-CBA9-49EA-9B69-354B8359224A}"
EndProject
Global
	GlobalSection(SolutionConfigurationPlatforms) = preSolution
		Debug|Any CPU = Debug|Any CPU
		Release|Any CPU = Release|Any CPU
	EndGlobalSection
	GlobalSection(ProjectConfigurationPlatforms) = postSolution
		{3097FEB0-CBA9-49EA-9B69-354B8359224A}.Debug|Any CPU.ActiveCfg = Debug|Any CPU
		{3097FEB0-CBA9-49EA-9B69-354B8359224A}.Debug|Any CPU.Build.0 = Debug|Any CPU
		{3097FEB0-CBA9-49EA-9B69-354B8359224A}.Release|Any CPU.ActiveCfg = Release|Any CPU
		{3097FEB0-CBA9-49EA-9B69-354B8359224A}.Release|Any CPU.Build.0 = Release|Any CPU
	EndGlobalSection
	GlobalSection(SolutionProperties) = preSolution
		HideSolutionNode = FALSE
	EndGlobalSection
	GlobalSection(NestedProjects) = preSolution
		{030E4D1E-4FA5-49C7-AD16-A74DFF51F637} = {FEA1FF2B-85CF-4F2D-AC1C-09190E56A215}
		{25BAEC10-C7CC-4BD6-9DC3-0F2CFDE3B3DD} = {030E4D1E-4FA5-49C7-AD16-A74DFF51F637}
		{3097FEB0-CBA9-49EA-9B69-354B8359224A} = {25BAEC10-C7CC-4BD6-9DC3-0F2CFDE3B3DD}
	EndGlobalSection
	GlobalSection(ExtensibilityGlobals) = postSolution
		SolutionGuid = {7307DEC0-1A54-4983-A918-08B3A3D76D65}
	EndGlobalSection
EndGlobal
