
Microsoft Visual Studio Solution File, Format Version 12.00
# Visual Studio Version 17
VisualStudioVersion = 17.5.002.0
MinimumVisualStudioVersion = 10.0.40219.1
Project("{2150E333-8FDC-42A3-9474-1A3956D46DE8}") = "VKAHUB", "VKAHUB", "{BBAC11DB-1733-4335-B69F-2177A432A9F2}"
EndProject
Project("{2150E333-8FDC-42A3-9474-1A3956D46DE8}") = "backend", "backend", "{FFB32094-F918-413E-AE90-2299938F1964}"
EndProject
Project("{2150E333-8FDC-42A3-9474-1A3956D46DE8}") = "tools", "tools", "{8625BC00-737D-426D-B7D3-A33C9AC3DF27}"
EndProject
Project("{9A19103F-16F7-4668-BE54-9A1E7A4F7556}") = "OpenXmlValidate", "VKAHUB\backend\tools\OpenXmlValidate\OpenXmlValidate.csproj", "{A2513C4E-A804-482A-BB2C-A0D7280B6B68}"
EndProject
Global
	GlobalSection(SolutionConfigurationPlatforms) = preSolution
		Debug|Any CPU = Debug|Any CPU
		Release|Any CPU = Release|Any CPU
	EndGlobalSection
	GlobalSection(ProjectConfigurationPlatforms) = postSolution
		{A2513C4E-A804-482A-BB2C-A0D7280B6B68}.Debug|Any CPU.ActiveCfg = Debug|Any CPU
		{A2513C4E-A804-482A-BB2C-A0D7280B6B68}.Debug|Any CPU.Build.0 = Debug|Any CPU
		{A2513C4E-A804-482A-BB2C-A0D7280B6B68}.Release|Any CPU.ActiveCfg = Release|Any CPU
		{A2513C4E-A804-482A-BB2C-A0D7280B6B68}.Release|Any CPU.Build.0 = Release|Any CPU
	EndGlobalSection
	GlobalSection(SolutionProperties) = preSolution
		HideSolutionNode = FALSE
	EndGlobalSection
	GlobalSection(NestedProjects) = preSolution
		{FFB32094-F918-413E-AE90-2299938F1964} = {BBAC11DB-1733-4335-B69F-2177A432A9F2}
		{8625BC00-737D-426D-B7D3-A33C9AC3DF27} = {FFB32094-F918-413E-AE90-2299938F1964}
		{A2513C4E-A804-482A-BB2C-A0D7280B6B68} = {8625BC00-737D-426D-B7D3-A33C9AC3DF27}
	EndGlobalSection
	GlobalSection(ExtensibilityGlobals) = postSolution
		SolutionGuid = {DD41D949-9C1C-4FD8-95B5-A0C3302A0324}
	EndGlobalSection
EndGlobal
